// !$*UTF8*$!
{
	archiveVersion = 1;
	classes = {
	};
	objectVersion = 50;
	objects = {

/* Begin PBXBuildFile section */
		CBECEA9B21AFC8E0001EF61F /* AppDelegate.swift in Sources */ = {isa = PBXBuildFile; fileRef = CBECEA9A21AFC8E0001EF61F /* AppDelegate.swift */; };
		CBECEA9D21AFC8E0001EF61F /* ViewController.swift in Sources */ = {isa = PBXBuildFile; fileRef = CBECEA9C21AFC8E0001EF61F /* ViewController.swift */; };
		CBECEAA021AFC8E0001EF61F /* Main.storyboard in Resources */ = {isa = PBXBuildFile; fileRef = CBECEA9E21AFC8E0001EF61F /* Main.storyboard */; };
		CBECEAA221AFC8E1001EF61F /* Assets.xcassets in Resources */ = {isa = PBXBuildFile; fileRef = CBECEAA121AFC8E1001EF61F /* Assets.xcassets */; };
		CBECEAA521AFC8E1001EF61F /* LaunchScreen.storyboard in Resources */ = {isa = PBXBuildFile; fileRef = CBECEAA321AFC8E1001EF61F /* LaunchScreen.storyboard */; };
/* End PBXBuildFile section */

/* Begin PBXFileReference section */
		CBECEA9721AFC8E0001EF61F /* ConstraintDemo2.app */ = {isa = PBXFileReference; explicitFileType = wrapper.application; includeInIndex = 0; path = ConstraintDemo2.app; sourceTree = BUILT_PRODUCTS_DIR; };
		CBECEA9A21AFC8E0001EF61F /* AppDelegate.swift */ = {isa = PBXFileReference; lastKnownFileType = sourcecode.swift; path = AppDelegate.swift; sourceTree = "<group>"; };
		CBECEA9C21AFC8E0001EF61F /* ViewController.swift */ = {isa = PBXFileReference; lastKnownFileType = sourcecode.swift; path = ViewController.swift; sourceTree = "<group>"; };
		CBECEA9F21AFC8E0001EF61F /* Base */ = {isa = PBXFileReference; lastKnownFileType = file.storyboard; name = Base; path = Base.lproj/Main.storyboard; sourceTree = "<group>"; };
		CBECEAA121AFC8E1001EF61F /* Assets.xcassets */ = {isa = PBXFileReference; lastKnownFileType = folder.assetcatalog; path = Assets.xcassets; sourceTree = "<group>"; };
		CBECEAA421AFC8E1001EF61F /* Base */ = {isa = PBXFileReference; lastKnownFileType = file.storyboard; name = Base; path = Base.lproj/LaunchScreen.storyboard; sourceTree = "<group>"; };
		CBECEAA621AFC8E1001EF61F /* Info.plist */ = {isa = PBXFileReference; lastKnownFileType = text.plist.xml; path = Info.plist; sourceTree = "<group>"; };
/* End PBXFileReference section */

/* Begin PBXFrameworksBuildPhase section */
		CBECEA9421AFC8E0001EF61F /* Frameworks */ = {
			isa = PBXFrameworksBuildPhase;
			buildActionMask = 2147483647;
			files = (
			);
			runOnlyForDeploymentPostprocessing = 0;
		};
/* End PBXFrameworksBuildPhase section */

/* Begin PBXGroup section */
		CBECEA8E21AFC8E0001EF61F = {
			isa = PBXGroup;
			children = (
				CBECEA9921AFC8E0001EF61F /* ConstraintDemo2 */,
				CBECEA9821AFC8E0001EF61F /* Products */,
			);
			sourceTree = "<group>";
		};
		CBECEA9821AFC8E0001EF61F /* Products */ = {
			isa = PBXGroup;
			children = (
				CBECEA9721AFC8E0001EF61F /* ConstraintDemo2.app */,
			);
			name = Products;
			sourceTree = "<group>";
		};
		CBECEA9921AFC8E0001EF61F /* ConstraintDemo2 */ = {
			isa = PBXGroup;
			children = (
				CBECEA9A21AFC8E0001EF61F /* AppDelegate.swift */,
				CBECEA9C21AFC8E0001EF61F /* ViewController.swift */,
				CBECEA9E21AFC8E0001EF61F /* Main.storyboard */,
				CBECEAA121AFC8E1001EF61F /* Assets.xcassets */,
				CBECEAA321AFC8E1001EF61F /* LaunchScreen.storyboard */,
				CBECEAA621AFC8E1001EF61F /* Info.plist */,
			);
			path = ConstraintDemo2;
			sourceTree = "<group>";
		};
/* End PBXGroup section */

/* Begin PBXNativeTarget section */
		CBECEA9621AFC8E0001EF61F /* ConstraintDemo2 */ = {
			isa = PBXNativeTarget;
			buildConfigurationList = CBECEAA921AFC8E1001EF61F /* Build configuration list for PBXNativeTarget "ConstraintDemo2" */;
			buildPhases = (
				CBECEA9321AFC8E0001EF61F /* Sources */,
				CBECEA9421AFC8E0001EF61F /* Frameworks */,
				CBECEA9521AFC8E0001EF61F /* Resources */,
			);
			buildRules = (
			);
			dependencies = (
			);
			name = ConstraintDemo2;
			productName = ConstraintDemo2;
			productReference = CBECEA9721AFC8E0001EF61F /* ConstraintDemo2.app */;
			productType = "com.apple.product-type.application";
		};
/* End PBXNativeTarget section */

/* Begin PBXProject section */
		CBECEA8F21AFC8E0001EF61F /* Project object */ = {
			isa = PBXProject;
			attributes = {
				LastSwiftUpdateCheck = 1010;
				LastUpgradeCheck = 1010;
				ORGANIZATIONNAME = vattanac;
				TargetAttributes = {
					CBECEA9621AFC8E0001EF61F = {
						CreatedOnToolsVersion = 10.1;
					};
				};
			};
			buildConfigurationList = CBECEA9221AFC8E0001EF61F /* Build configuration list for PBXProject "ConstraintDemo2" */;
			compatibilityVersion = "Xcode 9.3";
			developmentRegion = en;
			hasScannedForEncodings = 0;
			knownRegions = (
				en,
				Base,
			);
			mainGroup = CBECEA8E21AFC8E0001EF61F;
			productRefGroup = CBECEA9821AFC8E0001EF61F /* Products */;
			projectDirPath = "";
			projectRoot = "";
			targets = (
				CBECEA9621AFC8E0001EF61F /* ConstraintDemo2 */,
			);
		};
/* End PBXProject section */

/* Begin PBXResourcesBuildPhase section */
		CBECEA9521AFC8E0001EF61F /* Resources */ = {
			isa = PBXResourcesBuildPhase;
			buildActionMask = 2147483647;
			files = (
				CBECEAA521AFC8E1001EF61F /* LaunchScreen.storyboard in Resources */,
				CBECEAA221AFC8E1001EF61F /* Assets.xcassets in Resources */,
				CBECEAA021AFC8E0001EF61F /* Main.storyboard in Resources */,
			);
			runOnlyForDeploymentPostprocessing = 0;
		};
/* End PBXResourcesBuildPhase section */

/* Begin PBXSourcesBuildPhase section */
		CBECEA9321AFC8E0001EF61F /* Sources */ = {
			isa = PBXSourcesBuildPhase;
			buildActionMask = 2147483647;
			files = (
				CBECEA9D21AFC8E0001EF61F /* ViewController.swift in Sources */,
				CBECEA9B21AFC8E0001EF61F /* AppDelegate.swift in Sources */,
			);
			runOnlyForDeploymentPostprocessing = 0;
		};
/* End PBXSourcesBuildPhase section */

/* Begin PBXVariantGroup section */
		CBECEA9E21AFC8E0001EF61F /* Main.storyboard */ = {
			isa = PBXVariantGroup;
			children = (
				CBECEA9F21AFC8E0001EF61F /* Base */,
			);
			name = Main.storyboard;
			sourceTree = "<group>";
		};
		CBECEAA321AFC8E1001EF61F /* LaunchScreen.storyboard */ = {
			isa = PBXVariantGroup;
			children = (
				CBECEAA421AFC8E1001EF61F /* Base */,
			);
			name = LaunchScreen.storyboard;
			sourceTree = "<group>";
		};
/* End PBXVariantGroup section */

/* Begin XCBuildConfiguration section */
		CBECEAA721AFC8E1001EF61F /* Debug */ = {
			isa = XCBuildConfiguration;
			buildSettings = {
				ALWAYS_SEARCH_USER_PATHS = NO;
				CLANG_ANALYZER_NONNULL = YES;
				CLANG_ANALYZER_NUMBER_OBJECT_CONVERSION = YES_AGGRESSIVE;
				CLANG_CXX_LANGUAGE_STANDARD = "gnu++14";
				CLANG_CXX_LIBRARY = "libc++";
				CLANG_ENABLE_MODULES = YES;
				CLANG_ENABLE_OBJC_ARC = YES;
				CLANG_ENABLE_OBJC_WEAK = YES;
				CLANG_WARN_BLOCK_CAPTURE_AUTORELEASING = YES;
				CLANG_WARN_BOOL_CONVERSION = YES;
				CLANG_WARN_COMMA = YES;
				CLANG_WARN_CONSTANT_CONVERSION = YES;
				CLANG_WARN_DEPRECATED_OBJC_IMPLEMENTATIONS = YES;
				CLANG_WARN_DIRECT_OBJC_ISA_USAGE = YES_ERROR;
				CLANG_WARN_DOCUMENTATION_COMMENTS = YES;
				CLANG_WARN_EMPTY_BODY = YES;
				CLANG_WARN_ENUM_CONVERSION = YES;
				CLANG_WARN_INFINITE_RECURSION = YES;
				CLANG_WARN_INT_CONVERSION = YES;
				CLANG_WARN_NON_LITERAL_NULL_CONVERSION = YES;
				CLANG_WARN_OBJC_IMPLICIT_RETAIN_SELF = YES;
				CLANG_WARN_OBJC_LITERAL_CONVERSION = YES;
				CLANG_WARN_OBJC_ROOT_CLASS = YES_ERROR;
				CLANG_WARN_RANGE_LOOP_ANALYSIS = YES;
				CLANG_WARN_STRICT_PROTOTYPES = YES;
				CLANG_WARN_SUSPICIOUS_MOVE = YES;
				CLANG_WARN_UNGUARDED_AVAILABILITY = YES_AGGRESSIVE;
				CLANG_WARN_UNREACHABLE_CODE = YES;
				CLANG_WARN__DUPLICATE_METHOD_MATCH = YES;
				CODE_SIGN_IDENTITY = "iPhone Developer";
				COPY_PHASE_STRIP = NO;
				DEBUG_INFORMATION_FORMAT = dwarf;
				ENABLE_STRICT_OBJC_MSGSEND = YES;
				ENABLE_TESTABILITY = YES;
				GCC_C_LANGUAGE_STANDARD = gnu11;
				GCC_DYNAMIC_NO_PIC = NO;
				GCC_NO_COMMON_BLOCKS = YES;
				GCC_OPTIMIZATION_LEVEL = 0;
				GCC_PREPROCESSOR_DEFINITIONS = (
					"DEBUG=1",
					"$(inherited)",
				);
				GCC_WARN_64_TO_32_BIT_CONVERSION = YES;
				GCC_WARN_ABOUT_RETURN_TYPE = YES_ERROR;
				GCC_WARN_UNDECLARED_SELECTOR = YES;
				GCC_WARN_UNINITIALIZED_AUTOS = YES_AGGRESSIVE;
				GCC_WARN_UNUSED_FUNCTION = YES;
				GCC_WARN_UNUSED_VARIABLE = YES;
				IPHONEOS_DEPLOYMENT_TARGET = 12.1;
				MTL_ENABLE_DEBUG_INFO = INCLUDE_SOURCE;
				MTL_FAST_MATH = YES;
				ONLY_ACTIVE_ARCH = YES;
				SDKROOT = iphoneos;
				SWIFT_ACTIVE_COMPILATION_CONDITIONS = DEBUG;
				SWIFT_OPTIMIZATION_LEVEL = "-Onone";
			};
			name = Debug;
		};
		CBECEAA821AFC8E1001EF61F /* Release */ = {
			isa = XCBuildConfiguration;
			buildSettings = {
				ALWAYS_SEARCH_USER_PATHS = NO;
				CLANG_ANALYZER_NONNULL = YES;
				CLANG_ANALYZER_NUMBER_OBJECT_CONVERSION = YES_AGGRESSIVE;
				CLANG_CXX_LANGUAGE_STANDARD = "gnu++14";
				CLANG_CXX_LIBRARY = "libc++";
				CLANG_ENABLE_MODULES = YES;
				CLANG_ENABLE_OBJC_ARC = YES;
				CLANG_ENABLE_OBJC_WEAK = YES;
				CLANG_WARN_BLOCK_CAPTURE_AUTORELEASING = YES;
				CLANG_WARN_BOOL_CONVERSION = YES;
				CLANG_WARN_COMMA = YES;
				CLANG_WARN_CONSTANT_CONVERSION = YES;
				CLANG_WARN_DEPRECATED_OBJC_IMPLEMENTATIONS = YES;
				CLANG_WARN_DIRECT_OBJC_ISA_USAGE = YES_ERROR;
				CLANG_WARN_DOCUMENTATION_COMMENTS = YES;
				CLANG_WARN_EMPTY_BODY = YES;
				CLANG_WARN_ENUM_CONVERSION = YES;
				CLANG_WARN_INFINITE_RECURSION = YES;
				CLANG_WARN_INT_CONVERSION = YES;
				CLANG_WARN_NON_LITERAL_NULL_CONVERSION = YES;
				CLANG_WARN_OBJC_IMPLICIT_RETAIN_SELF = YES;
				CLANG_WARN_OBJC_LITERAL_CONVERSION = YES;
				CLANG_WARN_OBJC_ROOT_CLASS = YES_ERROR;
				CLANG_WARN_RANGE_LOOP_ANALYSIS = YES;
				CLANG_WARN_STRICT_PROTOTYPES = YES;
				CLANG_WARN_SUSPICIOUS_MOVE = YES;
				CLANG_WARN_UNGUARDED_AVAILABILITY = YES_AGGRESSIVE;
				CLANG_WARN_UNREACHABLE_CODE = YES;
				CLANG_WARN__DUPLICATE_METHOD_MATCH = YES;
				CODE_SIGN_IDENTITY = "iPhone Developer";
				COPY_PHASE_STRIP = NO;
				DEBUG_INFORMATION_FORMAT = "dwarf-with-dsym";
				ENABLE_NS_ASSERTIONS = NO;
				ENABLE_STRICT_OBJC_MSGSEND = YES;
				GCC_C_LANGUAGE_STANDARD = gnu11;
				GCC_NO_COMMON_BLOCKS = YES;
				GCC_WARN_64_TO_32_BIT_CONVERSION = YES;
				GCC_WARN_ABOUT_RETURN_TYPE = YES_ERROR;
				GCC_WARN_UNDECLARED_SELECTOR = YES;
				GCC_WARN_UNINITIALIZED_AUTOS = YES_AGGRESSIVE;
				GCC_WARN_UNUSED_FUNCTION = YES;
				GCC_WARN_UNUSED_VARIABLE = YES;
				IPHONEOS_DEPLOYMENT_TARGET = 12.1;
				MTL_ENABLE_DEBUG_INFO = NO;
				MTL_FAST_MATH = YES;
				SDKROOT = iphoneos;
				SWIFT_COMPILATION_MODE = wholemodule;
				SWIFT_OPTIMIZATION_LEVEL = "-O";
				VALIDATE_PRODUCT = YES;
			};
			name = Release;
		};
		CBECEAAA21AFC8E1001EF61F /* Debug */ = {
			isa = XCBuildConfiguration;
			buildSettings = {
				ASSETCATALOG_COMPILER_APPICON_NAME = AppIcon;
				CODE_SIGN_STYLE = Automatic;
				DEVELOPMENT_TEAM = SLX43TCA7R;
				INFOPLIST_FILE = ConstraintDemo2/Info.plist;
				LD_RUNPATH_SEARCH_PATHS = (
					"$(inherited)",
					"@executable_path/Frameworks",
				);
				PRODUCT_BUNDLE_IDENTIFIER = com.vatttanac.ConstraintDemo2;
				PRODUCT_NAME = "$(TARGET_NAME)";
				SWIFT_VERSION = 4.2;
				TARGETED_DEVICE_FAMILY = "1,2";
			};
			name = Debug;
		};
		CBECEAAB21AFC8E1001EF61F /* Release */ = {
			isa = XCBuildConfiguration;
			buildSettings = {
				ASSETCATALOG_COMPILER_APPICON_NAME = AppIcon;
				CODE_SIGN_STYLE = Automatic;
				DEVELOPMENT_TEAM = SLX43TCA7R;
				INFOPLIST_FILE = ConstraintDemo2/Info.plist;
				LD_RUNPATH_SEARCH_PATHS = (
					"$(inherited)",
					"@executable_path/Frameworks",
				);
				PRODUCT_BUNDLE_IDENTIFIER = com.vatttanac.ConstraintDemo2;
				PRODUCT_NAME = "$(TARGET_NAME)";
				SWIFT_VERSION = 4.2;
				TARGETED_DEVICE_FAMILY = "1,2";
			};
			name = Release;
		};
/* End XCBuildConfiguration section */

/* Begin XCConfigurationList section */
		CBECEA9221AFC8E0001EF61F /* Build configuration list for PBXProject "ConstraintDemo2" */ = {
			isa = XCConfigurationList;
			buildConfigurations = (
				CBECEAA721AFC8E1001EF61F /* Debug */,
				CBECEAA821AFC8E1001EF61F /* Release */,
			);
			defaultConfigurationIsVisible = 0;
			defaultConfigurationName = Release;
		};
		CBECEAA921AFC8E1001EF61F /* Build configuration list for PBXNativeTarget "ConstraintDemo2" */ = {
			isa = XCConfigurationList;
			buildConfigurations = (
				CBECEAAA21AFC8E1001EF61F /* Debug */,
				CBECEAAB21AFC8E1001EF61F /* Release */,
			);
			defaultConfigurationIsVisible = 0;
			defaultConfigurationName = Release;
		};
/* End XCConfigurationList section */
	};
	rootObject = CBECEA8F21AFC8E0001EF61F /* Project object */;
}
